
Microsoft Visual Studio Solution File, Format Version 12.00
# Visual Studio Version 17
VisualStudioVersion = 17.2.32526.322
MinimumVisualStudioVersion = 10.0.40219.1
Project("{9A19103F-16F7-4668-BE54-9A1E7A4F7556}") = "ValorECS", "ValorECS.csproj", "{E58785D1-B50D-4040-B2AF-7723874D168E}"
EndProject
Global
	GlobalSection(SolutionConfigurationPlatforms) = preSolution
		Debug|Any CPU = Debug|Any CPU
		Release|Any CPU = Release|Any CPU
	EndGlobalSection
	GlobalSection(ProjectConfigurationPlatforms) = postSolution
		{E58785D1-B50D-4040-B2AF-7723874D168E}.Debug|Any CPU.ActiveCfg = Debug|Any CPU
		{E58785D1-B50D-4040-B2AF-7723874D168E}.Debug|Any CPU.Build.0 = Debug|Any CPU
		{E58785D1-B50D-4040-B2AF-7723874D168E}.Release|Any CPU.ActiveCfg = Release|Any CPU
		{E58785D1-B50D-4040-B2AF-7723874D168E}.Release|Any CPU.Build.0 = Release|Any CPU
	EndGlobalSection
	GlobalSection(SolutionProperties) = preSolution
		HideSolutionNode = FALSE
	EndGlobalSection
	GlobalSection(ExtensibilityGlobals) = postSolution
		SolutionGuid = {A630686D-A527-4A30-BC88-C9874E78CB96}
	EndGlobalSection
EndGlobal
